
Microsoft Visual Studio Solution File, Format Version 12.00
# Visual Studio Version 17
VisualStudioVersion = 17.5.002.0
MinimumVisualStudioVersion = 10.0.40219.1
Project("{9A19103F-16F7-4668-BE54-9A1E7A4F7556}") = "HandbookSchool", "HandbookSchool.csproj", "{8BB6C2F5-8CCA-4BAF-A94B-3568755F6513}"
EndProject
Global
	GlobalSection(SolutionConfigurationPlatforms) = preSolution
		Debug|Any CPU = Debug|Any CPU
		Release|Any CPU = Release|Any CPU
	EndGlobalSection
	GlobalSection(ProjectConfigurationPlatforms) = postSolution
		{8BB6C2F5-8CCA-4BAF-A94B-3568755F6513}.Debug|Any CPU.ActiveCfg = Debug|Any CPU
		{8BB6C2F5-8CCA-4BAF-A94B-3568755F6513}.Debug|Any CPU.Build.0 = Debug|Any CPU
		{8BB6C2F5-8CCA-4BAF-A94B-3568755F6513}.Release|Any CPU.ActiveCfg = Release|Any CPU
		{8BB6C2F5-8CCA-4BAF-A94B-3568755F6513}.Release|Any CPU.Build.0 = Release|Any CPU
	EndGlobalSection
	GlobalSection(SolutionProperties) = preSolution
		HideSolutionNode = FALSE
	EndGlobalSection
	GlobalSection(ExtensibilityGlobals) = postSolution
		SolutionGuid = {394A5635-BF69-4846-8DB2-9C12BE441BC5}
	EndGlobalSection
EndGlobal
